
Microsoft Visual Studio Solution File, Format Version 12.00
# Visual Studio Version 17
VisualStudioVersion = 17.0.32112.339
MinimumVisualStudioVersion = 10.0.40219.1
Project("{FAE04EC0-301F-11D3-BF4B-00C04F79EFBC}") = "Shlopy_Beb", "Shlopy_Beb\Shlopy_Beb.csproj", "{0DB038AF-02CD-4E82-BE03-DBDBF67F2ED5}"
EndProject
Global
	GlobalSection(SolutionConfigurationPlatforms) = preSolution
		Debug|Any CPU = Debug|Any CPU
		Release|Any CPU = Release|Any CPU
	EndGlobalSection
	GlobalSection(ProjectConfigurationPlatforms) = postSolution
		{0DB038AF-02CD-4E82-BE03-DBDBF67F2ED5}.Debug|Any CPU.ActiveCfg = Debug|Any CPU
		{0DB038AF-02CD-4E82-BE03-DBDBF67F2ED5}.Debug|Any CPU.Build.0 = Debug|Any CPU
		{0DB038AF-02CD-4E82-BE03-DBDBF67F2ED5}.Release|Any CPU.ActiveCfg = Release|Any CPU
		{0DB038AF-02CD-4E82-BE03-DBDBF67F2ED5}.Release|Any CPU.Build.0 = Release|Any CPU
	EndGlobalSection
	GlobalSection(SolutionProperties) = preSolution
		HideSolutionNode = FALSE
	EndGlobalSection
	GlobalSection(ExtensibilityGlobals) = postSolution
		SolutionGuid = {CBEBA714-2B44-4601-872D-95D33B6AB276}
	EndGlobalSection
EndGlobal
